
Microsoft Visual Studio Solution File, Format Version 12.00
# Visual Studio Version 16
VisualStudioVersion = 16.0.31229.75
MinimumVisualStudioVersion = 10.0.40219.1
Project("{9A19103F-16F7-4668-BE54-9A1E7A4F7556}") = "CrudComAngular", "CrudComAngular\CrudComAngular.csproj", "{28F72D7E-2500-4C47-8527-E5AFB9D5FDFA}"
EndProject
Project("{FAE04EC0-301F-11D3-BF4B-00C04F79EFBC}") = "GenericEFRepositories", "GenericEFRepositories\GenericEFRepositories.csproj", "{A78F5394-3A33-4FED-B07E-96C369CEBD83}"
EndProject
Global
	GlobalSection(SolutionConfigurationPlatforms) = preSolution
		Debug|Any CPU = Debug|Any CPU
		Release|Any CPU = Release|Any CPU
	EndGlobalSection
	GlobalSection(ProjectConfigurationPlatforms) = postSolution
		{28F72D7E-2500-4C47-8527-E5AFB9D5FDFA}.Debug|Any CPU.ActiveCfg = Debug|Any CPU
		{28F72D7E-2500-4C47-8527-E5AFB9D5FDFA}.Debug|Any CPU.Build.0 = Debug|Any CPU
		{28F72D7E-2500-4C47-8527-E5AFB9D5FDFA}.Release|Any CPU.ActiveCfg = Release|Any CPU
		{28F72D7E-2500-4C47-8527-E5AFB9D5FDFA}.Release|Any CPU.Build.0 = Release|Any CPU
		{A78F5394-3A33-4FED-B07E-96C369CEBD83}.Debug|Any CPU.ActiveCfg = Debug|Any CPU
		{A78F5394-3A33-4FED-B07E-96C369CEBD83}.Debug|Any CPU.Build.0 = Debug|Any CPU
		{A78F5394-3A33-4FED-B07E-96C369CEBD83}.Release|Any CPU.ActiveCfg = Release|Any CPU
		{A78F5394-3A33-4FED-B07E-96C369CEBD83}.Release|Any CPU.Build.0 = Release|Any CPU
	EndGlobalSection
	GlobalSection(SolutionProperties) = preSolution
		HideSolutionNode = FALSE
	EndGlobalSection
	GlobalSection(ExtensibilityGlobals) = postSolution
		SolutionGuid = {0CD82205-A3CE-4CAA-B2BB-A55E4C55FC3F}
	EndGlobalSection
EndGlobal
